
Microsoft Visual Studio Solution File, Format Version 12.00
# Visual Studio Express 15 for Windows Desktop
VisualStudioVersion = 15.0.28307.2017
MinimumVisualStudioVersion = 10.0.40219.1
Project("{FAE04EC0-301F-11D3-BF4B-00C04F79EFBC}") = "MineSwepper", "MineSwepper\MineSwepper.csproj", "{22CE8D24-3D42-4CAF-A78D-0BCEFA4F2C8E}"
EndProject
Global
	GlobalSection(SolutionConfigurationPlatforms) = preSolution
		Debug|Any CPU = Debug|Any CPU
		Release|Any CPU = Release|Any CPU
	EndGlobalSection
	GlobalSection(ProjectConfigurationPlatforms) = postSolution
		{22CE8D24-3D42-4CAF-A78D-0BCEFA4F2C8E}.Debug|Any CPU.ActiveCfg = Debug|Any CPU
		{22CE8D24-3D42-4CAF-A78D-0BCEFA4F2C8E}.Debug|Any CPU.Build.0 = Debug|Any CPU
		{22CE8D24-3D42-4CAF-A78D-0BCEFA4F2C8E}.Release|Any CPU.ActiveCfg = Release|Any CPU
		{22CE8D24-3D42-4CAF-A78D-0BCEFA4F2C8E}.Release|Any CPU.Build.0 = Release|Any CPU
	EndGlobalSection
	GlobalSection(SolutionProperties) = preSolution
		HideSolutionNode = FALSE
	EndGlobalSection
	GlobalSection(ExtensibilityGlobals) = postSolution
		SolutionGuid = {0FCC6EBA-B285-4963-97B9-D8BAF94199EE}
	EndGlobalSection
EndGlobal
